
Microsoft Visual Studio Solution File, Format Version 12.00
# Visual Studio Version 17
VisualStudioVersion = 17.14.36811.4 d17.14
MinimumVisualStudioVersion = 10.0.40219.1
Project("{8BC9CEB8-8B4A-11D0-8D11-00A0C91BC942}") = "学生查找系统(2026年1月18日)", "学生查找系统(2026年1月18日).vcxproj", "{1797368F-9864-4779-80DD-B21B4EE588EF}"
EndProject
Global
	GlobalSection(SolutionConfigurationPlatforms) = preSolution
		Debug|x64 = Debug|x64
		Debug|x86 = Debug|x86
		Release|x64 = Release|x64
		Release|x86 = Release|x86
	EndGlobalSection
	GlobalSection(ProjectConfigurationPlatforms) = postSolution
		{1797368F-9864-4779-80DD-B21B4EE588EF}.Debug|x64.ActiveCfg = Debug|x64
		{1797368F-9864-4779-80DD-B21B4EE588EF}.Debug|x64.Build.0 = Debug|x64
		{1797368F-9864-4779-80DD-B21B4EE588EF}.Debug|x86.ActiveCfg = Debug|Win32
		{1797368F-9864-4779-80DD-B21B4EE588EF}.Debug|x86.Build.0 = Debug|Win32
		{1797368F-9864-4779-80DD-B21B4EE588EF}.Release|x64.ActiveCfg = Release|x64
		{1797368F-9864-4779-80DD-B21B4EE588EF}.Release|x64.Build.0 = Release|x64
		{1797368F-9864-4779-80DD-B21B4EE588EF}.Release|x86.ActiveCfg = Release|Win32
		{1797368F-9864-4779-80DD-B21B4EE588EF}.Release|x86.Build.0 = Release|Win32
	EndGlobalSection
	GlobalSection(SolutionProperties) = preSolution
		HideSolutionNode = FALSE
	EndGlobalSection
	GlobalSection(ExtensibilityGlobals) = postSolution
		SolutionGuid = {25B928E4-440F-4FEE-861B-76214F4EC57D}
	EndGlobalSection
EndGlobal
